
Microsoft Visual Studio Solution File, Format Version 12.00
# Visual Studio Version 16
VisualStudioVersion = 16.0.29409.12
MinimumVisualStudioVersion = 10.0.40219.1
Project("{FAE04EC0-301F-11D3-BF4B-00C04F79EFBC}") = "BUGAV", "BUGAV\BUGAV.csproj", "{E47E132A-CFED-49DD-9B27-9CF530CBDBFB}"
EndProject
Project("{2150E333-8FDC-42A3-9474-1A3956D46DE8}") = "__GUI", "__GUI", "{BED9E209-3831-4FFA-AA66-BC95D79EBB84}"
EndProject
Project("{FAE04EC0-301F-11D3-BF4B-00C04F79EFBC}") = "DarkUI", "__GUI\DarkUI\DarkUI\DarkUI.csproj", "{F19472F5-8C44-4C51-A8A0-B9DE5F555255}"
EndProject
Project("{2150E333-8FDC-42A3-9474-1A3956D46DE8}") = "__DynamicAnalyze", "__DynamicAnalyze", "{5EFFD15C-E63B-4D4E-889B-0EF4F78A7ADA}"
EndProject
Project("{2150E333-8FDC-42A3-9474-1A3956D46DE8}") = "__Filter_Network", "__Filter_Network", "{131B2920-F44E-4B43-B342-17574E011D9B}"
EndProject
Project("{2150E333-8FDC-42A3-9474-1A3956D46DE8}") = "__FilterFile", "__FilterFile", "{974D48ED-2361-4021-BF8C-F02236FF7016}"
EndProject
Project("{2150E333-8FDC-42A3-9474-1A3956D46DE8}") = "__FilterRegistry", "__FilterRegistry", "{4C56A8D7-3BD4-43A5-AB60-5EA86C2DDB6C}"
EndProject
Project("{2150E333-8FDC-42A3-9474-1A3956D46DE8}") = "__Info", "__Info", "{6DA1842C-6FC3-4D43-AB93-D320E918A42E}"
EndProject
Project("{2150E333-8FDC-42A3-9474-1A3956D46DE8}") = "__RTProtection", "__RTProtection", "{D26E192F-E46E-4884-BB69-C82FD9F27B4F}"
EndProject
Project("{2150E333-8FDC-42A3-9474-1A3956D46DE8}") = "__StaticAnalyze", "__StaticAnalyze", "{CD6B04EB-FD37-4E5A-B377-28E9C2E54396}"
EndProject
Project("{8BC9CEB8-8B4A-11D0-8D11-00A0C91BC942}") = "FilterFileDrv", "__FilterFile\FilterFileDrv\FilterFileDrv.vcxproj", "{D8B8DA25-0E6D-4631-8B25-DBF5B10B45AD}"
EndProject
Project("{8BC9CEB8-8B4A-11D0-8D11-00A0C91BC942}") = "FilterFileCtrl", "__FilterFile\FilterFileCtrl\FilterFileCtrl.vcxproj", "{378B0B4C-BE88-4FFE-89CA-98FE5E0DFA7E}"
EndProject
Project("{2150E333-8FDC-42A3-9474-1A3956D46DE8}") = "__LIBS", "__LIBS", "{9FF3D9DC-E87F-45D1-A4CC-F5257ABC1CB1}"
EndProject
Project("{8BC9CEB8-8B4A-11D0-8D11-00A0C91BC942}") = "DriverCtrl", "__LIBS\DriverCtrl\DriverCtrl.vcxproj", "{5D2EF588-1022-4D83-B1EC-5F5CEBDE63A6}"
EndProject
Project("{8BC9CEB8-8B4A-11D0-8D11-00A0C91BC942}") = "FilterFileWrap", "__FilterFile\FilterFileWrap\FilterFileWrap.vcxproj", "{BA509E7C-8C91-4162-955B-62AB5D727E2D}"
EndProject
Project("{8BC9CEB8-8B4A-11D0-8D11-00A0C91BC942}") = "FilterRegistryCtrl", "__FilterRegistry\FilterRegistryCtrl\FilterRegistryCtrl.vcxproj", "{D984D869-6670-410A-AA5D-56966D824D4F}"
EndProject
Project("{8BC9CEB8-8B4A-11D0-8D11-00A0C91BC942}") = "FilterRegistryDrv", "__FilterRegistry\FilterRegistryDrv\FilterRegistryDrv.vcxproj", "{DCD09C78-DEC6-483A-9F5E-2C17D467C4D6}"
EndProject
Project("{8BC9CEB8-8B4A-11D0-8D11-00A0C91BC942}") = "FilterRegistryWrap", "__FilterRegistry\FilterRegistryWrap\FilterRegistryWrap.vcxproj", "{D79516DD-6036-474E-B97B-1F6DDC1FBB6F}"
EndProject
Global
	GlobalSection(SolutionConfigurationPlatforms) = preSolution
		Debug|Any CPU = Debug|Any CPU
		Debug|ARM = Debug|ARM
		Debug|ARM64 = Debug|ARM64
		Debug|x64 = Debug|x64
		Debug|x86 = Debug|x86
		Release|Any CPU = Release|Any CPU
		Release|ARM = Release|ARM
		Release|ARM64 = Release|ARM64
		Release|x64 = Release|x64
		Release|x86 = Release|x86
	EndGlobalSection
	GlobalSection(ProjectConfigurationPlatforms) = postSolution
		{E47E132A-CFED-49DD-9B27-9CF530CBDBFB}.Debug|Any CPU.ActiveCfg = Release|Any CPU
		{E47E132A-CFED-49DD-9B27-9CF530CBDBFB}.Debug|Any CPU.Build.0 = Release|Any CPU
		{E47E132A-CFED-49DD-9B27-9CF530CBDBFB}.Debug|ARM.ActiveCfg = Debug|Any CPU
		{E47E132A-CFED-49DD-9B27-9CF530CBDBFB}.Debug|ARM.Build.0 = Debug|Any CPU
		{E47E132A-CFED-49DD-9B27-9CF530CBDBFB}.Debug|ARM64.ActiveCfg = Debug|Any CPU
		{E47E132A-CFED-49DD-9B27-9CF530CBDBFB}.Debug|ARM64.Build.0 = Debug|Any CPU
		{E47E132A-CFED-49DD-9B27-9CF530CBDBFB}.Debug|x64.ActiveCfg = Debug|Any CPU
		{E47E132A-CFED-49DD-9B27-9CF530CBDBFB}.Debug|x64.Build.0 = Debug|Any CPU
		{E47E132A-CFED-49DD-9B27-9CF530CBDBFB}.Debug|x86.ActiveCfg = Release|Any CPU
		{E47E132A-CFED-49DD-9B27-9CF530CBDBFB}.Debug|x86.Build.0 = Release|Any CPU
		{E47E132A-CFED-49DD-9B27-9CF530CBDBFB}.Release|Any CPU.ActiveCfg = Release|Any CPU
		{E47E132A-CFED-49DD-9B27-9CF530CBDBFB}.Release|Any CPU.Build.0 = Release|Any CPU
		{E47E132A-CFED-49DD-9B27-9CF530CBDBFB}.Release|ARM.ActiveCfg = Release|Any CPU
		{E47E132A-CFED-49DD-9B27-9CF530CBDBFB}.Release|ARM.Build.0 = Release|Any CPU
		{E47E132A-CFED-49DD-9B27-9CF530CBDBFB}.Release|ARM64.ActiveCfg = Release|Any CPU
		{E47E132A-CFED-49DD-9B27-9CF530CBDBFB}.Release|ARM64.Build.0 = Release|Any CPU
		{E47E132A-CFED-49DD-9B27-9CF530CBDBFB}.Release|x64.ActiveCfg = Release|Any CPU
		{E47E132A-CFED-49DD-9B27-9CF530CBDBFB}.Release|x64.Build.0 = Release|Any CPU
		{E47E132A-CFED-49DD-9B27-9CF530CBDBFB}.Release|x86.ActiveCfg = Release|Any CPU
		{E47E132A-CFED-49DD-9B27-9CF530CBDBFB}.Release|x86.Build.0 = Release|Any CPU
		{F19472F5-8C44-4C51-A8A0-B9DE5F555255}.Debug|Any CPU.ActiveCfg = Debug|Any CPU
		{F19472F5-8C44-4C51-A8A0-B9DE5F555255}.Debug|Any CPU.Build.0 = Debug|Any CPU
		{F19472F5-8C44-4C51-A8A0-B9DE5F555255}.Debug|ARM.ActiveCfg = Debug|Any CPU
		{F19472F5-8C44-4C51-A8A0-B9DE5F555255}.Debug|ARM.Build.0 = Debug|Any CPU
		{F19472F5-8C44-4C51-A8A0-B9DE5F555255}.Debug|ARM64.ActiveCfg = Debug|Any CPU
		{F19472F5-8C44-4C51-A8A0-B9DE5F555255}.Debug|ARM64.Build.0 = Debug|Any CPU
		{F19472F5-8C44-4C51-A8A0-B9DE5F555255}.Debug|x64.ActiveCfg = Debug|Any CPU
		{F19472F5-8C44-4C51-A8A0-B9DE5F555255}.Debug|x64.Build.0 = Debug|Any CPU
		{F19472F5-8C44-4C51-A8A0-B9DE5F555255}.Debug|x86.ActiveCfg = Debug|Any CPU
		{F19472F5-8C44-4C51-A8A0-B9DE5F555255}.Debug|x86.Build.0 = Debug|Any CPU
		{F19472F5-8C44-4C51-A8A0-B9DE5F555255}.Release|Any CPU.ActiveCfg = Release|Any CPU
		{F19472F5-8C44-4C51-A8A0-B9DE5F555255}.Release|Any CPU.Build.0 = Release|Any CPU
		{F19472F5-8C44-4C51-A8A0-B9DE5F555255}.Release|ARM.ActiveCfg = Release|Any CPU
		{F19472F5-8C44-4C51-A8A0-B9DE5F555255}.Release|ARM.Build.0 = Release|Any CPU
		{F19472F5-8C44-4C51-A8A0-B9DE5F555255}.Release|ARM64.ActiveCfg = Release|Any CPU
		{F19472F5-8C44-4C51-A8A0-B9DE5F555255}.Release|ARM64.Build.0 = Release|Any CPU
		{F19472F5-8C44-4C51-A8A0-B9DE5F555255}.Release|x64.ActiveCfg = Release|Any CPU
		{F19472F5-8C44-4C51-A8A0-B9DE5F555255}.Release|x64.Build.0 = Release|Any CPU
		{F19472F5-8C44-4C51-A8A0-B9DE5F555255}.Release|x86.ActiveCfg = Release|Any CPU
		{F19472F5-8C44-4C51-A8A0-B9DE5F555255}.Release|x86.Build.0 = Release|Any CPU
		{D8B8DA25-0E6D-4631-8B25-DBF5B10B45AD}.Debug|Any CPU.ActiveCfg = Debug|Win32
		{D8B8DA25-0E6D-4631-8B25-DBF5B10B45AD}.Debug|ARM.ActiveCfg = Debug|Win32
		{D8B8DA25-0E6D-4631-8B25-DBF5B10B45AD}.Debug|ARM64.ActiveCfg = Debug|Win32
		{D8B8DA25-0E6D-4631-8B25-DBF5B10B45AD}.Debug|x64.ActiveCfg = Debug|x64
		{D8B8DA25-0E6D-4631-8B25-DBF5B10B45AD}.Debug|x64.Build.0 = Debug|x64
		{D8B8DA25-0E6D-4631-8B25-DBF5B10B45AD}.Debug|x64.Deploy.0 = Debug|x64
		{D8B8DA25-0E6D-4631-8B25-DBF5B10B45AD}.Debug|x86.ActiveCfg = Debug|Win32
		{D8B8DA25-0E6D-4631-8B25-DBF5B10B45AD}.Debug|x86.Build.0 = Debug|Win32
		{D8B8DA25-0E6D-4631-8B25-DBF5B10B45AD}.Debug|x86.Deploy.0 = Debug|Win32
		{D8B8DA25-0E6D-4631-8B25-DBF5B10B45AD}.Release|Any CPU.ActiveCfg = Release|Win32
		{D8B8DA25-0E6D-4631-8B25-DBF5B10B45AD}.Release|ARM.ActiveCfg = Release|Win32
		{D8B8DA25-0E6D-4631-8B25-DBF5B10B45AD}.Release|ARM64.ActiveCfg = Release|Win32
		{D8B8DA25-0E6D-4631-8B25-DBF5B10B45AD}.Release|x64.ActiveCfg = Release|x64
		{D8B8DA25-0E6D-4631-8B25-DBF5B10B45AD}.Release|x64.Build.0 = Release|x64
		{D8B8DA25-0E6D-4631-8B25-DBF5B10B45AD}.Release|x86.ActiveCfg = Release|Win32
		{D8B8DA25-0E6D-4631-8B25-DBF5B10B45AD}.Release|x86.Build.0 = Release|Win32
		{D8B8DA25-0E6D-4631-8B25-DBF5B10B45AD}.Release|x86.Deploy.0 = Release|Win32
		{378B0B4C-BE88-4FFE-89CA-98FE5E0DFA7E}.Debug|Any CPU.ActiveCfg = Debug|Win32
		{378B0B4C-BE88-4FFE-89CA-98FE5E0DFA7E}.Debug|ARM.ActiveCfg = Debug|Win32
		{378B0B4C-BE88-4FFE-89CA-98FE5E0DFA7E}.Debug|ARM64.ActiveCfg = Debug|Win32
		{378B0B4C-BE88-4FFE-89CA-98FE5E0DFA7E}.Debug|x64.ActiveCfg = Debug|x64
		{378B0B4C-BE88-4FFE-89CA-98FE5E0DFA7E}.Debug|x64.Build.0 = Debug|x64
		{378B0B4C-BE88-4FFE-89CA-98FE5E0DFA7E}.Debug|x86.ActiveCfg = Debug|Win32
		{378B0B4C-BE88-4FFE-89CA-98FE5E0DFA7E}.Debug|x86.Build.0 = Debug|Win32
		{378B0B4C-BE88-4FFE-89CA-98FE5E0DFA7E}.Release|Any CPU.ActiveCfg = Release|Win32
		{378B0B4C-BE88-4FFE-89CA-98FE5E0DFA7E}.Release|ARM.ActiveCfg = Release|Win32
		{378B0B4C-BE88-4FFE-89CA-98FE5E0DFA7E}.Release|ARM64.ActiveCfg = Release|Win32
		{378B0B4C-BE88-4FFE-89CA-98FE5E0DFA7E}.Release|x64.ActiveCfg = Release|x64
		{378B0B4C-BE88-4FFE-89CA-98FE5E0DFA7E}.Release|x64.Build.0 = Release|x64
		{378B0B4C-BE88-4FFE-89CA-98FE5E0DFA7E}.Release|x86.ActiveCfg = Release|Win32
		{378B0B4C-BE88-4FFE-89CA-98FE5E0DFA7E}.Release|x86.Build.0 = Release|Win32
		{5D2EF588-1022-4D83-B1EC-5F5CEBDE63A6}.Debug|Any CPU.ActiveCfg = Debug|Win32
		{5D2EF588-1022-4D83-B1EC-5F5CEBDE63A6}.Debug|ARM.ActiveCfg = Debug|Win32
		{5D2EF588-1022-4D83-B1EC-5F5CEBDE63A6}.Debug|ARM64.ActiveCfg = Debug|Win32
		{5D2EF588-1022-4D83-B1EC-5F5CEBDE63A6}.Debug|x64.ActiveCfg = Debug|x64
		{5D2EF588-1022-4D83-B1EC-5F5CEBDE63A6}.Debug|x64.Build.0 = Debug|x64
		{5D2EF588-1022-4D83-B1EC-5F5CEBDE63A6}.Debug|x86.ActiveCfg = Debug|Win32
		{5D2EF588-1022-4D83-B1EC-5F5CEBDE63A6}.Debug|x86.Build.0 = Debug|Win32
		{5D2EF588-1022-4D83-B1EC-5F5CEBDE63A6}.Release|Any CPU.ActiveCfg = Release|Win32
		{5D2EF588-1022-4D83-B1EC-5F5CEBDE63A6}.Release|ARM.ActiveCfg = Release|Win32
		{5D2EF588-1022-4D83-B1EC-5F5CEBDE63A6}.Release|ARM64.ActiveCfg = Release|Win32
		{5D2EF588-1022-4D83-B1EC-5F5CEBDE63A6}.Release|x64.ActiveCfg = Release|x64
		{5D2EF588-1022-4D83-B1EC-5F5CEBDE63A6}.Release|x64.Build.0 = Release|x64
		{5D2EF588-1022-4D83-B1EC-5F5CEBDE63A6}.Release|x86.ActiveCfg = Release|Win32
		{5D2EF588-1022-4D83-B1EC-5F5CEBDE63A6}.Release|x86.Build.0 = Release|Win32
		{BA509E7C-8C91-4162-955B-62AB5D727E2D}.Debug|Any CPU.ActiveCfg = Debug|Win32
		{BA509E7C-8C91-4162-955B-62AB5D727E2D}.Debug|ARM.ActiveCfg = Debug|Win32
		{BA509E7C-8C91-4162-955B-62AB5D727E2D}.Debug|ARM64.ActiveCfg = Debug|Win32
		{BA509E7C-8C91-4162-955B-62AB5D727E2D}.Debug|x64.ActiveCfg = Debug|x64
		{BA509E7C-8C91-4162-955B-62AB5D727E2D}.Debug|x64.Build.0 = Debug|x64
		{BA509E7C-8C91-4162-955B-62AB5D727E2D}.Debug|x86.ActiveCfg = Debug|Win32
		{BA509E7C-8C91-4162-955B-62AB5D727E2D}.Debug|x86.Build.0 = Debug|Win32
		{BA509E7C-8C91-4162-955B-62AB5D727E2D}.Release|Any CPU.ActiveCfg = Release|Win32
		{BA509E7C-8C91-4162-955B-62AB5D727E2D}.Release|ARM.ActiveCfg = Release|Win32
		{BA509E7C-8C91-4162-955B-62AB5D727E2D}.Release|ARM64.ActiveCfg = Release|Win32
		{BA509E7C-8C91-4162-955B-62AB5D727E2D}.Release|x64.ActiveCfg = Release|x64
		{BA509E7C-8C91-4162-955B-62AB5D727E2D}.Release|x64.Build.0 = Release|x64
		{BA509E7C-8C91-4162-955B-62AB5D727E2D}.Release|x86.ActiveCfg = Release|Win32
		{BA509E7C-8C91-4162-955B-62AB5D727E2D}.Release|x86.Build.0 = Release|Win32
		{D984D869-6670-410A-AA5D-56966D824D4F}.Debug|Any CPU.ActiveCfg = Debug|Win32
		{D984D869-6670-410A-AA5D-56966D824D4F}.Debug|ARM.ActiveCfg = Debug|Win32
		{D984D869-6670-410A-AA5D-56966D824D4F}.Debug|ARM64.ActiveCfg = Debug|Win32
		{D984D869-6670-410A-AA5D-56966D824D4F}.Debug|x64.ActiveCfg = Debug|x64
		{D984D869-6670-410A-AA5D-56966D824D4F}.Debug|x64.Build.0 = Debug|x64
		{D984D869-6670-410A-AA5D-56966D824D4F}.Debug|x86.ActiveCfg = Debug|Win32
		{D984D869-6670-410A-AA5D-56966D824D4F}.Debug|x86.Build.0 = Debug|Win32
		{D984D869-6670-410A-AA5D-56966D824D4F}.Release|Any CPU.ActiveCfg = Release|Win32
		{D984D869-6670-410A-AA5D-56966D824D4F}.Release|ARM.ActiveCfg = Release|Win32
		{D984D869-6670-410A-AA5D-56966D824D4F}.Release|ARM64.ActiveCfg = Release|Win32
		{D984D869-6670-410A-AA5D-56966D824D4F}.Release|x64.ActiveCfg = Release|x64
		{D984D869-6670-410A-AA5D-56966D824D4F}.Release|x64.Build.0 = Release|x64
		{D984D869-6670-410A-AA5D-56966D824D4F}.Release|x86.ActiveCfg = Release|Win32
		{D984D869-6670-410A-AA5D-56966D824D4F}.Release|x86.Build.0 = Release|Win32
		{DCD09C78-DEC6-483A-9F5E-2C17D467C4D6}.Debug|Any CPU.ActiveCfg = Debug|Win32
		{DCD09C78-DEC6-483A-9F5E-2C17D467C4D6}.Debug|ARM.ActiveCfg = Debug|Win32
		{DCD09C78-DEC6-483A-9F5E-2C17D467C4D6}.Debug|ARM64.ActiveCfg = Debug|Win32
		{DCD09C78-DEC6-483A-9F5E-2C17D467C4D6}.Debug|x64.ActiveCfg = Debug|x64
		{DCD09C78-DEC6-483A-9F5E-2C17D467C4D6}.Debug|x64.Build.0 = Debug|x64
		{DCD09C78-DEC6-483A-9F5E-2C17D467C4D6}.Debug|x64.Deploy.0 = Debug|x64
		{DCD09C78-DEC6-483A-9F5E-2C17D467C4D6}.Debug|x86.ActiveCfg = Debug|Win32
		{DCD09C78-DEC6-483A-9F5E-2C17D467C4D6}.Debug|x86.Build.0 = Debug|Win32
		{DCD09C78-DEC6-483A-9F5E-2C17D467C4D6}.Debug|x86.Deploy.0 = Debug|Win32
		{DCD09C78-DEC6-483A-9F5E-2C17D467C4D6}.Release|Any CPU.ActiveCfg = Release|Win32
		{DCD09C78-DEC6-483A-9F5E-2C17D467C4D6}.Release|ARM.ActiveCfg = Release|Win32
		{DCD09C78-DEC6-483A-9F5E-2C17D467C4D6}.Release|ARM64.ActiveCfg = Release|Win32
		{DCD09C78-DEC6-483A-9F5E-2C17D467C4D6}.Release|x64.ActiveCfg = Release|x64
		{DCD09C78-DEC6-483A-9F5E-2C17D467C4D6}.Release|x64.Build.0 = Release|x64
		{DCD09C78-DEC6-483A-9F5E-2C17D467C4D6}.Release|x86.ActiveCfg = Release|Win32
		{DCD09C78-DEC6-483A-9F5E-2C17D467C4D6}.Release|x86.Build.0 = Release|Win32
		{DCD09C78-DEC6-483A-9F5E-2C17D467C4D6}.Release|x86.Deploy.0 = Release|Win32
		{D79516DD-6036-474E-B97B-1F6DDC1FBB6F}.Debug|Any CPU.ActiveCfg = Debug|Win32
		{D79516DD-6036-474E-B97B-1F6DDC1FBB6F}.Debug|ARM.ActiveCfg = Debug|Win32
		{D79516DD-6036-474E-B97B-1F6DDC1FBB6F}.Debug|ARM64.ActiveCfg = Debug|Win32
		{D79516DD-6036-474E-B97B-1F6DDC1FBB6F}.Debug|x64.ActiveCfg = Debug|x64
		{D79516DD-6036-474E-B97B-1F6DDC1FBB6F}.Debug|x64.Build.0 = Debug|x64
		{D79516DD-6036-474E-B97B-1F6DDC1FBB6F}.Debug|x86.ActiveCfg = Debug|Win32
		{D79516DD-6036-474E-B97B-1F6DDC1FBB6F}.Debug|x86.Build.0 = Debug|Win32
		{D79516DD-6036-474E-B97B-1F6DDC1FBB6F}.Release|Any CPU.ActiveCfg = Release|Win32
		{D79516DD-6036-474E-B97B-1F6DDC1FBB6F}.Release|ARM.ActiveCfg = Release|Win32
		{D79516DD-6036-474E-B97B-1F6DDC1FBB6F}.Release|ARM64.ActiveCfg = Release|Win32
		{D79516DD-6036-474E-B97B-1F6DDC1FBB6F}.Release|x64.ActiveCfg = Release|x64
		{D79516DD-6036-474E-B97B-1F6DDC1FBB6F}.Release|x64.Build.0 = Release|x64
		{D79516DD-6036-474E-B97B-1F6DDC1FBB6F}.Release|x86.ActiveCfg = Release|Win32
		{D79516DD-6036-474E-B97B-1F6DDC1FBB6F}.Release|x86.Build.0 = Release|Win32
	EndGlobalSection
	GlobalSection(SolutionProperties) = preSolution
		HideSolutionNode = FALSE
	EndGlobalSection
	GlobalSection(NestedProjects) = preSolution
		{F19472F5-8C44-4C51-A8A0-B9DE5F555255} = {BED9E209-3831-4FFA-AA66-BC95D79EBB84}
		{D8B8DA25-0E6D-4631-8B25-DBF5B10B45AD} = {974D48ED-2361-4021-BF8C-F02236FF7016}
		{378B0B4C-BE88-4FFE-89CA-98FE5E0DFA7E} = {974D48ED-2361-4021-BF8C-F02236FF7016}
		{5D2EF588-1022-4D83-B1EC-5F5CEBDE63A6} = {9FF3D9DC-E87F-45D1-A4CC-F5257ABC1CB1}
		{BA509E7C-8C91-4162-955B-62AB5D727E2D} = {974D48ED-2361-4021-BF8C-F02236FF7016}
		{D984D869-6670-410A-AA5D-56966D824D4F} = {4C56A8D7-3BD4-43A5-AB60-5EA86C2DDB6C}
		{DCD09C78-DEC6-483A-9F5E-2C17D467C4D6} = {4C56A8D7-3BD4-43A5-AB60-5EA86C2DDB6C}
		{D79516DD-6036-474E-B97B-1F6DDC1FBB6F} = {4C56A8D7-3BD4-43A5-AB60-5EA86C2DDB6C}
	EndGlobalSection
	GlobalSection(ExtensibilityGlobals) = postSolution
		SolutionGuid = {05132190-720E-4557-A425-D449BD2E4AB9}
	EndGlobalSection
EndGlobal
