
Microsoft Visual Studio Solution File, Format Version 12.00
# Visual Studio Version 16
VisualStudioVersion = 16.0.29409.12
MinimumVisualStudioVersion = 10.0.40219.1
Project("{FAE04EC0-301F-11D3-BF4B-00C04F79EFBC}") = "BUGAV", "BUGAV\BUGAV.csproj", "{E47E132A-CFED-49DD-9B27-9CF530CBDBFB}"
EndProject
Project("{8BC9CEB8-8B4A-11D0-8D11-00A0C91BC942}") = "passThrough", "passThrough\passThrough.vcxproj", "{D8B8DA25-0E6D-4631-8B25-DBF5B10B45AD}"
EndProject
Project("{FAE04EC0-301F-11D3-BF4B-00C04F79EFBC}") = "DarkUI", "DarkUI\DarkUI\DarkUI.csproj", "{F19472F5-8C44-4C51-A8A0-B9DE5F555255}"
EndProject
Project("{2150E333-8FDC-42A3-9474-1A3956D46DE8}") = "GUI", "GUI", "{BED9E209-3831-4FFA-AA66-BC95D79EBB84}"
EndProject
Project("{2150E333-8FDC-42A3-9474-1A3956D46DE8}") = "Filter", "Filter", "{AA231C63-92AC-4E98-B927-195A28A1781D}"
EndProject
Project("{8BC9CEB8-8B4A-11D0-8D11-00A0C91BC942}") = "passThroughUser", "passThroughUser\passThroughUser.vcxproj", "{D36D66A7-D285-4F3F-9A00-91DB199F78AA}"
EndProject
Project("{2150E333-8FDC-42A3-9474-1A3956D46DE8}") = "File", "File", "{27B7EBBD-7AF0-41A7-85DB-6ED8C8F933A8}"
EndProject
Project("{2150E333-8FDC-42A3-9474-1A3956D46DE8}") = "Registry", "Registry", "{FC99EF6A-4448-4C9C-87D3-4E773EB4C1EA}"
EndProject
Project("{8BC9CEB8-8B4A-11D0-8D11-00A0C91BC942}") = "regfltr", "regfltr\regfltr.vcxproj", "{DCD09C78-DEC6-483A-9F5E-2C17D467C4D6}"
EndProject
Project("{8BC9CEB8-8B4A-11D0-8D11-00A0C91BC942}") = "regctrl", "regctrl\regctrl.vcxproj", "{EF1294A9-96EE-458A-B2F2-3B8A4433193E}"
EndProject
Project("{2150E333-8FDC-42A3-9474-1A3956D46DE8}") = "Network", "Network", "{41CC5442-C3A5-4AB4-BD31-332B496698AC}"
EndProject
Project("{8BC9CEB8-8B4A-11D0-8D11-00A0C91BC942}") = "ndislwf", "ndisfilter\ndislwf.vcxproj", "{CD502925-8888-4A09-8AD0-04B80A73FBBD}"
EndProject
Project("{8BC9CEB8-8B4A-11D0-8D11-00A0C91BC942}") = "ndisuser", "ndisuser\ndisuser.vcxproj", "{8E13D056-70FA-4CAA-9225-A033590F2664}"
EndProject
Project("{8BC9CEB8-8B4A-11D0-8D11-00A0C91BC942}") = "bindview", "bindview\bindview.vcxproj", "{A9995567-E5EF-4A30-B294-D5930523A2B5}"
EndProject
Project("{8BC9CEB8-8B4A-11D0-8D11-00A0C91BC942}") = "regCtrlWrapper", "regCtrlWrapper\regCtrlWrapper.vcxproj", "{E844CC73-1DDD-4CE0-BC59-5B54EF932D1C}"
EndProject
Project("{8BC9CEB8-8B4A-11D0-8D11-00A0C91BC942}") = "RegCtrlLib", "RegCtrlLib\RegCtrlLib.vcxproj", "{8E60763B-3334-46AC-BE19-99438023F13F}"
EndProject
Global
	GlobalSection(SolutionConfigurationPlatforms) = preSolution
		Debug|Any CPU = Debug|Any CPU
		Debug|ARM = Debug|ARM
		Debug|ARM64 = Debug|ARM64
		Debug|x64 = Debug|x64
		Debug|x86 = Debug|x86
		Release|Any CPU = Release|Any CPU
		Release|ARM = Release|ARM
		Release|ARM64 = Release|ARM64
		Release|x64 = Release|x64
		Release|x86 = Release|x86
	EndGlobalSection
	GlobalSection(ProjectConfigurationPlatforms) = postSolution
		{E47E132A-CFED-49DD-9B27-9CF530CBDBFB}.Debug|Any CPU.ActiveCfg = Release|Any CPU
		{E47E132A-CFED-49DD-9B27-9CF530CBDBFB}.Debug|Any CPU.Build.0 = Release|Any CPU
		{E47E132A-CFED-49DD-9B27-9CF530CBDBFB}.Debug|ARM.ActiveCfg = Debug|Any CPU
		{E47E132A-CFED-49DD-9B27-9CF530CBDBFB}.Debug|ARM.Build.0 = Debug|Any CPU
		{E47E132A-CFED-49DD-9B27-9CF530CBDBFB}.Debug|ARM64.ActiveCfg = Debug|Any CPU
		{E47E132A-CFED-49DD-9B27-9CF530CBDBFB}.Debug|ARM64.Build.0 = Debug|Any CPU
		{E47E132A-CFED-49DD-9B27-9CF530CBDBFB}.Debug|x64.ActiveCfg = Debug|Any CPU
		{E47E132A-CFED-49DD-9B27-9CF530CBDBFB}.Debug|x64.Build.0 = Debug|Any CPU
		{E47E132A-CFED-49DD-9B27-9CF530CBDBFB}.Debug|x86.ActiveCfg = Release|Any CPU
		{E47E132A-CFED-49DD-9B27-9CF530CBDBFB}.Debug|x86.Build.0 = Release|Any CPU
		{E47E132A-CFED-49DD-9B27-9CF530CBDBFB}.Release|Any CPU.ActiveCfg = Release|Any CPU
		{E47E132A-CFED-49DD-9B27-9CF530CBDBFB}.Release|Any CPU.Build.0 = Release|Any CPU
		{E47E132A-CFED-49DD-9B27-9CF530CBDBFB}.Release|ARM.ActiveCfg = Release|Any CPU
		{E47E132A-CFED-49DD-9B27-9CF530CBDBFB}.Release|ARM.Build.0 = Release|Any CPU
		{E47E132A-CFED-49DD-9B27-9CF530CBDBFB}.Release|ARM64.ActiveCfg = Release|Any CPU
		{E47E132A-CFED-49DD-9B27-9CF530CBDBFB}.Release|ARM64.Build.0 = Release|Any CPU
		{E47E132A-CFED-49DD-9B27-9CF530CBDBFB}.Release|x64.ActiveCfg = Release|Any CPU
		{E47E132A-CFED-49DD-9B27-9CF530CBDBFB}.Release|x64.Build.0 = Release|Any CPU
		{E47E132A-CFED-49DD-9B27-9CF530CBDBFB}.Release|x86.ActiveCfg = Release|Any CPU
		{E47E132A-CFED-49DD-9B27-9CF530CBDBFB}.Release|x86.Build.0 = Release|Any CPU
		{D8B8DA25-0E6D-4631-8B25-DBF5B10B45AD}.Debug|Any CPU.ActiveCfg = Debug|Win32
		{D8B8DA25-0E6D-4631-8B25-DBF5B10B45AD}.Debug|Any CPU.Build.0 = Debug|Win32
		{D8B8DA25-0E6D-4631-8B25-DBF5B10B45AD}.Debug|Any CPU.Deploy.0 = Debug|Win32
		{D8B8DA25-0E6D-4631-8B25-DBF5B10B45AD}.Debug|ARM.ActiveCfg = Debug|Win32
		{D8B8DA25-0E6D-4631-8B25-DBF5B10B45AD}.Debug|ARM64.ActiveCfg = Debug|Win32
		{D8B8DA25-0E6D-4631-8B25-DBF5B10B45AD}.Debug|x64.ActiveCfg = Debug|x64
		{D8B8DA25-0E6D-4631-8B25-DBF5B10B45AD}.Debug|x64.Build.0 = Debug|x64
		{D8B8DA25-0E6D-4631-8B25-DBF5B10B45AD}.Debug|x86.ActiveCfg = Debug|Win32
		{D8B8DA25-0E6D-4631-8B25-DBF5B10B45AD}.Debug|x86.Build.0 = Debug|Win32
		{D8B8DA25-0E6D-4631-8B25-DBF5B10B45AD}.Debug|x86.Deploy.0 = Debug|Win32
		{D8B8DA25-0E6D-4631-8B25-DBF5B10B45AD}.Release|Any CPU.ActiveCfg = Debug|Win32
		{D8B8DA25-0E6D-4631-8B25-DBF5B10B45AD}.Release|Any CPU.Build.0 = Debug|Win32
		{D8B8DA25-0E6D-4631-8B25-DBF5B10B45AD}.Release|Any CPU.Deploy.0 = Debug|Win32
		{D8B8DA25-0E6D-4631-8B25-DBF5B10B45AD}.Release|ARM.ActiveCfg = Release|Win32
		{D8B8DA25-0E6D-4631-8B25-DBF5B10B45AD}.Release|ARM64.ActiveCfg = Release|Win32
		{D8B8DA25-0E6D-4631-8B25-DBF5B10B45AD}.Release|x64.ActiveCfg = Debug|Win32
		{D8B8DA25-0E6D-4631-8B25-DBF5B10B45AD}.Release|x64.Build.0 = Debug|Win32
		{D8B8DA25-0E6D-4631-8B25-DBF5B10B45AD}.Release|x64.Deploy.0 = Debug|Win32
		{D8B8DA25-0E6D-4631-8B25-DBF5B10B45AD}.Release|x86.ActiveCfg = Debug|Win32
		{D8B8DA25-0E6D-4631-8B25-DBF5B10B45AD}.Release|x86.Build.0 = Debug|Win32
		{D8B8DA25-0E6D-4631-8B25-DBF5B10B45AD}.Release|x86.Deploy.0 = Debug|Win32
		{F19472F5-8C44-4C51-A8A0-B9DE5F555255}.Debug|Any CPU.ActiveCfg = Debug|Any CPU
		{F19472F5-8C44-4C51-A8A0-B9DE5F555255}.Debug|Any CPU.Build.0 = Debug|Any CPU
		{F19472F5-8C44-4C51-A8A0-B9DE5F555255}.Debug|ARM.ActiveCfg = Debug|Any CPU
		{F19472F5-8C44-4C51-A8A0-B9DE5F555255}.Debug|ARM.Build.0 = Debug|Any CPU
		{F19472F5-8C44-4C51-A8A0-B9DE5F555255}.Debug|ARM64.ActiveCfg = Debug|Any CPU
		{F19472F5-8C44-4C51-A8A0-B9DE5F555255}.Debug|ARM64.Build.0 = Debug|Any CPU
		{F19472F5-8C44-4C51-A8A0-B9DE5F555255}.Debug|x64.ActiveCfg = Debug|Any CPU
		{F19472F5-8C44-4C51-A8A0-B9DE5F555255}.Debug|x64.Build.0 = Debug|Any CPU
		{F19472F5-8C44-4C51-A8A0-B9DE5F555255}.Debug|x86.ActiveCfg = Debug|Any CPU
		{F19472F5-8C44-4C51-A8A0-B9DE5F555255}.Debug|x86.Build.0 = Debug|Any CPU
		{F19472F5-8C44-4C51-A8A0-B9DE5F555255}.Release|Any CPU.ActiveCfg = Debug|Any CPU
		{F19472F5-8C44-4C51-A8A0-B9DE5F555255}.Release|Any CPU.Build.0 = Debug|Any CPU
		{F19472F5-8C44-4C51-A8A0-B9DE5F555255}.Release|ARM.ActiveCfg = Release|Any CPU
		{F19472F5-8C44-4C51-A8A0-B9DE5F555255}.Release|ARM.Build.0 = Release|Any CPU
		{F19472F5-8C44-4C51-A8A0-B9DE5F555255}.Release|ARM64.ActiveCfg = Release|Any CPU
		{F19472F5-8C44-4C51-A8A0-B9DE5F555255}.Release|ARM64.Build.0 = Release|Any CPU
		{F19472F5-8C44-4C51-A8A0-B9DE5F555255}.Release|x64.ActiveCfg = Debug|Any CPU
		{F19472F5-8C44-4C51-A8A0-B9DE5F555255}.Release|x64.Build.0 = Debug|Any CPU
		{F19472F5-8C44-4C51-A8A0-B9DE5F555255}.Release|x86.ActiveCfg = Debug|Any CPU
		{F19472F5-8C44-4C51-A8A0-B9DE5F555255}.Release|x86.Build.0 = Debug|Any CPU
		{D36D66A7-D285-4F3F-9A00-91DB199F78AA}.Debug|Any CPU.ActiveCfg = Debug|Win32
		{D36D66A7-D285-4F3F-9A00-91DB199F78AA}.Debug|ARM.ActiveCfg = Debug|Win32
		{D36D66A7-D285-4F3F-9A00-91DB199F78AA}.Debug|ARM64.ActiveCfg = Debug|Win32
		{D36D66A7-D285-4F3F-9A00-91DB199F78AA}.Debug|x64.ActiveCfg = Release|x64
		{D36D66A7-D285-4F3F-9A00-91DB199F78AA}.Debug|x64.Build.0 = Release|x64
		{D36D66A7-D285-4F3F-9A00-91DB199F78AA}.Debug|x86.ActiveCfg = Debug|Win32
		{D36D66A7-D285-4F3F-9A00-91DB199F78AA}.Debug|x86.Build.0 = Debug|Win32
		{D36D66A7-D285-4F3F-9A00-91DB199F78AA}.Release|Any CPU.ActiveCfg = Release|Win32
		{D36D66A7-D285-4F3F-9A00-91DB199F78AA}.Release|ARM.ActiveCfg = Release|Win32
		{D36D66A7-D285-4F3F-9A00-91DB199F78AA}.Release|ARM64.ActiveCfg = Release|Win32
		{D36D66A7-D285-4F3F-9A00-91DB199F78AA}.Release|x64.ActiveCfg = Release|x64
		{D36D66A7-D285-4F3F-9A00-91DB199F78AA}.Release|x64.Build.0 = Release|x64
		{D36D66A7-D285-4F3F-9A00-91DB199F78AA}.Release|x86.ActiveCfg = Release|Win32
		{D36D66A7-D285-4F3F-9A00-91DB199F78AA}.Release|x86.Build.0 = Release|Win32
		{DCD09C78-DEC6-483A-9F5E-2C17D467C4D6}.Debug|Any CPU.ActiveCfg = Debug|Win32
		{DCD09C78-DEC6-483A-9F5E-2C17D467C4D6}.Debug|ARM.ActiveCfg = Debug|Win32
		{DCD09C78-DEC6-483A-9F5E-2C17D467C4D6}.Debug|ARM64.ActiveCfg = Debug|Win32
		{DCD09C78-DEC6-483A-9F5E-2C17D467C4D6}.Debug|x64.ActiveCfg = Debug|x64
		{DCD09C78-DEC6-483A-9F5E-2C17D467C4D6}.Debug|x64.Build.0 = Debug|x64
		{DCD09C78-DEC6-483A-9F5E-2C17D467C4D6}.Debug|x86.ActiveCfg = Debug|Win32
		{DCD09C78-DEC6-483A-9F5E-2C17D467C4D6}.Debug|x86.Build.0 = Debug|Win32
		{DCD09C78-DEC6-483A-9F5E-2C17D467C4D6}.Debug|x86.Deploy.0 = Debug|Win32
		{DCD09C78-DEC6-483A-9F5E-2C17D467C4D6}.Release|Any CPU.ActiveCfg = Release|Win32
		{DCD09C78-DEC6-483A-9F5E-2C17D467C4D6}.Release|ARM.ActiveCfg = Release|Win32
		{DCD09C78-DEC6-483A-9F5E-2C17D467C4D6}.Release|ARM64.ActiveCfg = Release|Win32
		{DCD09C78-DEC6-483A-9F5E-2C17D467C4D6}.Release|x64.ActiveCfg = Release|x64
		{DCD09C78-DEC6-483A-9F5E-2C17D467C4D6}.Release|x64.Build.0 = Release|x64
		{DCD09C78-DEC6-483A-9F5E-2C17D467C4D6}.Release|x64.Deploy.0 = Release|x64
		{DCD09C78-DEC6-483A-9F5E-2C17D467C4D6}.Release|x86.ActiveCfg = Release|Win32
		{DCD09C78-DEC6-483A-9F5E-2C17D467C4D6}.Release|x86.Build.0 = Release|Win32
		{DCD09C78-DEC6-483A-9F5E-2C17D467C4D6}.Release|x86.Deploy.0 = Release|Win32
		{EF1294A9-96EE-458A-B2F2-3B8A4433193E}.Debug|Any CPU.ActiveCfg = Debug|Win32
		{EF1294A9-96EE-458A-B2F2-3B8A4433193E}.Debug|ARM.ActiveCfg = Debug|Win32
		{EF1294A9-96EE-458A-B2F2-3B8A4433193E}.Debug|ARM64.ActiveCfg = Debug|Win32
		{EF1294A9-96EE-458A-B2F2-3B8A4433193E}.Debug|x64.ActiveCfg = Release|x64
		{EF1294A9-96EE-458A-B2F2-3B8A4433193E}.Debug|x64.Build.0 = Release|x64
		{EF1294A9-96EE-458A-B2F2-3B8A4433193E}.Debug|x86.ActiveCfg = Debug|Win32
		{EF1294A9-96EE-458A-B2F2-3B8A4433193E}.Debug|x86.Build.0 = Debug|Win32
		{EF1294A9-96EE-458A-B2F2-3B8A4433193E}.Release|Any CPU.ActiveCfg = Release|Win32
		{EF1294A9-96EE-458A-B2F2-3B8A4433193E}.Release|ARM.ActiveCfg = Release|Win32
		{EF1294A9-96EE-458A-B2F2-3B8A4433193E}.Release|ARM64.ActiveCfg = Release|Win32
		{EF1294A9-96EE-458A-B2F2-3B8A4433193E}.Release|x64.ActiveCfg = Release|x64
		{EF1294A9-96EE-458A-B2F2-3B8A4433193E}.Release|x64.Build.0 = Release|x64
		{EF1294A9-96EE-458A-B2F2-3B8A4433193E}.Release|x86.ActiveCfg = Release|Win32
		{EF1294A9-96EE-458A-B2F2-3B8A4433193E}.Release|x86.Build.0 = Release|Win32
		{CD502925-8888-4A09-8AD0-04B80A73FBBD}.Debug|Any CPU.ActiveCfg = Debug|Win32
		{CD502925-8888-4A09-8AD0-04B80A73FBBD}.Debug|ARM.ActiveCfg = Debug|Win32
		{CD502925-8888-4A09-8AD0-04B80A73FBBD}.Debug|ARM64.ActiveCfg = Debug|Win32
		{CD502925-8888-4A09-8AD0-04B80A73FBBD}.Debug|x64.ActiveCfg = Debug|x64
		{CD502925-8888-4A09-8AD0-04B80A73FBBD}.Debug|x64.Build.0 = Debug|x64
		{CD502925-8888-4A09-8AD0-04B80A73FBBD}.Debug|x86.ActiveCfg = Debug|Win32
		{CD502925-8888-4A09-8AD0-04B80A73FBBD}.Debug|x86.Build.0 = Debug|Win32
		{CD502925-8888-4A09-8AD0-04B80A73FBBD}.Debug|x86.Deploy.0 = Debug|Win32
		{CD502925-8888-4A09-8AD0-04B80A73FBBD}.Release|Any CPU.ActiveCfg = Release|Win32
		{CD502925-8888-4A09-8AD0-04B80A73FBBD}.Release|ARM.ActiveCfg = Release|Win32
		{CD502925-8888-4A09-8AD0-04B80A73FBBD}.Release|ARM64.ActiveCfg = Release|Win32
		{CD502925-8888-4A09-8AD0-04B80A73FBBD}.Release|x64.ActiveCfg = Release|x64
		{CD502925-8888-4A09-8AD0-04B80A73FBBD}.Release|x64.Build.0 = Release|x64
		{CD502925-8888-4A09-8AD0-04B80A73FBBD}.Release|x64.Deploy.0 = Release|x64
		{CD502925-8888-4A09-8AD0-04B80A73FBBD}.Release|x86.ActiveCfg = Release|Win32
		{CD502925-8888-4A09-8AD0-04B80A73FBBD}.Release|x86.Build.0 = Release|Win32
		{CD502925-8888-4A09-8AD0-04B80A73FBBD}.Release|x86.Deploy.0 = Release|Win32
		{8E13D056-70FA-4CAA-9225-A033590F2664}.Debug|Any CPU.ActiveCfg = Debug|Win32
		{8E13D056-70FA-4CAA-9225-A033590F2664}.Debug|ARM.ActiveCfg = Debug|Win32
		{8E13D056-70FA-4CAA-9225-A033590F2664}.Debug|ARM64.ActiveCfg = Debug|Win32
		{8E13D056-70FA-4CAA-9225-A033590F2664}.Debug|x64.ActiveCfg = Release|x64
		{8E13D056-70FA-4CAA-9225-A033590F2664}.Debug|x64.Build.0 = Release|x64
		{8E13D056-70FA-4CAA-9225-A033590F2664}.Debug|x86.ActiveCfg = Debug|Win32
		{8E13D056-70FA-4CAA-9225-A033590F2664}.Debug|x86.Build.0 = Debug|Win32
		{8E13D056-70FA-4CAA-9225-A033590F2664}.Release|Any CPU.ActiveCfg = Release|Win32
		{8E13D056-70FA-4CAA-9225-A033590F2664}.Release|ARM.ActiveCfg = Release|Win32
		{8E13D056-70FA-4CAA-9225-A033590F2664}.Release|ARM64.ActiveCfg = Release|Win32
		{8E13D056-70FA-4CAA-9225-A033590F2664}.Release|x64.ActiveCfg = Release|x64
		{8E13D056-70FA-4CAA-9225-A033590F2664}.Release|x64.Build.0 = Release|x64
		{8E13D056-70FA-4CAA-9225-A033590F2664}.Release|x86.ActiveCfg = Release|Win32
		{8E13D056-70FA-4CAA-9225-A033590F2664}.Release|x86.Build.0 = Release|Win32
		{A9995567-E5EF-4A30-B294-D5930523A2B5}.Debug|Any CPU.ActiveCfg = Debug|Win32
		{A9995567-E5EF-4A30-B294-D5930523A2B5}.Debug|ARM.ActiveCfg = Debug|Win32
		{A9995567-E5EF-4A30-B294-D5930523A2B5}.Debug|ARM64.ActiveCfg = Debug|Win32
		{A9995567-E5EF-4A30-B294-D5930523A2B5}.Debug|x64.ActiveCfg = Debug|x64
		{A9995567-E5EF-4A30-B294-D5930523A2B5}.Debug|x64.Build.0 = Debug|x64
		{A9995567-E5EF-4A30-B294-D5930523A2B5}.Debug|x86.ActiveCfg = Debug|Win32
		{A9995567-E5EF-4A30-B294-D5930523A2B5}.Debug|x86.Build.0 = Debug|Win32
		{A9995567-E5EF-4A30-B294-D5930523A2B5}.Release|Any CPU.ActiveCfg = Release|Win32
		{A9995567-E5EF-4A30-B294-D5930523A2B5}.Release|ARM.ActiveCfg = Release|Win32
		{A9995567-E5EF-4A30-B294-D5930523A2B5}.Release|ARM64.ActiveCfg = Release|Win32
		{A9995567-E5EF-4A30-B294-D5930523A2B5}.Release|x64.ActiveCfg = Release|x64
		{A9995567-E5EF-4A30-B294-D5930523A2B5}.Release|x64.Build.0 = Release|x64
		{A9995567-E5EF-4A30-B294-D5930523A2B5}.Release|x86.ActiveCfg = Release|Win32
		{A9995567-E5EF-4A30-B294-D5930523A2B5}.Release|x86.Build.0 = Release|Win32
		{E844CC73-1DDD-4CE0-BC59-5B54EF932D1C}.Debug|Any CPU.ActiveCfg = Debug|Win32
		{E844CC73-1DDD-4CE0-BC59-5B54EF932D1C}.Debug|ARM.ActiveCfg = Debug|Win32
		{E844CC73-1DDD-4CE0-BC59-5B54EF932D1C}.Debug|ARM64.ActiveCfg = Debug|Win32
		{E844CC73-1DDD-4CE0-BC59-5B54EF932D1C}.Debug|x64.ActiveCfg = Debug|x64
		{E844CC73-1DDD-4CE0-BC59-5B54EF932D1C}.Debug|x64.Build.0 = Debug|x64
		{E844CC73-1DDD-4CE0-BC59-5B54EF932D1C}.Debug|x86.ActiveCfg = Debug|Win32
		{E844CC73-1DDD-4CE0-BC59-5B54EF932D1C}.Debug|x86.Build.0 = Debug|Win32
		{E844CC73-1DDD-4CE0-BC59-5B54EF932D1C}.Release|Any CPU.ActiveCfg = Release|Win32
		{E844CC73-1DDD-4CE0-BC59-5B54EF932D1C}.Release|ARM.ActiveCfg = Release|Win32
		{E844CC73-1DDD-4CE0-BC59-5B54EF932D1C}.Release|ARM64.ActiveCfg = Release|Win32
		{E844CC73-1DDD-4CE0-BC59-5B54EF932D1C}.Release|x64.ActiveCfg = Release|x64
		{E844CC73-1DDD-4CE0-BC59-5B54EF932D1C}.Release|x64.Build.0 = Release|x64
		{E844CC73-1DDD-4CE0-BC59-5B54EF932D1C}.Release|x86.ActiveCfg = Release|Win32
		{E844CC73-1DDD-4CE0-BC59-5B54EF932D1C}.Release|x86.Build.0 = Release|Win32
		{8E60763B-3334-46AC-BE19-99438023F13F}.Debug|Any CPU.ActiveCfg = Debug|Win32
		{8E60763B-3334-46AC-BE19-99438023F13F}.Debug|ARM.ActiveCfg = Debug|Win32
		{8E60763B-3334-46AC-BE19-99438023F13F}.Debug|ARM64.ActiveCfg = Debug|Win32
		{8E60763B-3334-46AC-BE19-99438023F13F}.Debug|x64.ActiveCfg = Debug|x64
		{8E60763B-3334-46AC-BE19-99438023F13F}.Debug|x64.Build.0 = Debug|x64
		{8E60763B-3334-46AC-BE19-99438023F13F}.Debug|x86.ActiveCfg = Debug|Win32
		{8E60763B-3334-46AC-BE19-99438023F13F}.Debug|x86.Build.0 = Debug|Win32
		{8E60763B-3334-46AC-BE19-99438023F13F}.Release|Any CPU.ActiveCfg = Release|Win32
		{8E60763B-3334-46AC-BE19-99438023F13F}.Release|ARM.ActiveCfg = Release|Win32
		{8E60763B-3334-46AC-BE19-99438023F13F}.Release|ARM64.ActiveCfg = Release|Win32
		{8E60763B-3334-46AC-BE19-99438023F13F}.Release|x64.ActiveCfg = Release|x64
		{8E60763B-3334-46AC-BE19-99438023F13F}.Release|x64.Build.0 = Release|x64
		{8E60763B-3334-46AC-BE19-99438023F13F}.Release|x86.ActiveCfg = Release|Win32
		{8E60763B-3334-46AC-BE19-99438023F13F}.Release|x86.Build.0 = Release|Win32
	EndGlobalSection
	GlobalSection(SolutionProperties) = preSolution
		HideSolutionNode = FALSE
	EndGlobalSection
	GlobalSection(NestedProjects) = preSolution
		{D8B8DA25-0E6D-4631-8B25-DBF5B10B45AD} = {27B7EBBD-7AF0-41A7-85DB-6ED8C8F933A8}
		{F19472F5-8C44-4C51-A8A0-B9DE5F555255} = {BED9E209-3831-4FFA-AA66-BC95D79EBB84}
		{D36D66A7-D285-4F3F-9A00-91DB199F78AA} = {27B7EBBD-7AF0-41A7-85DB-6ED8C8F933A8}
		{27B7EBBD-7AF0-41A7-85DB-6ED8C8F933A8} = {AA231C63-92AC-4E98-B927-195A28A1781D}
		{FC99EF6A-4448-4C9C-87D3-4E773EB4C1EA} = {AA231C63-92AC-4E98-B927-195A28A1781D}
		{DCD09C78-DEC6-483A-9F5E-2C17D467C4D6} = {FC99EF6A-4448-4C9C-87D3-4E773EB4C1EA}
		{EF1294A9-96EE-458A-B2F2-3B8A4433193E} = {FC99EF6A-4448-4C9C-87D3-4E773EB4C1EA}
		{41CC5442-C3A5-4AB4-BD31-332B496698AC} = {AA231C63-92AC-4E98-B927-195A28A1781D}
		{CD502925-8888-4A09-8AD0-04B80A73FBBD} = {41CC5442-C3A5-4AB4-BD31-332B496698AC}
		{8E13D056-70FA-4CAA-9225-A033590F2664} = {41CC5442-C3A5-4AB4-BD31-332B496698AC}
		{A9995567-E5EF-4A30-B294-D5930523A2B5} = {41CC5442-C3A5-4AB4-BD31-332B496698AC}
		{E844CC73-1DDD-4CE0-BC59-5B54EF932D1C} = {FC99EF6A-4448-4C9C-87D3-4E773EB4C1EA}
		{8E60763B-3334-46AC-BE19-99438023F13F} = {FC99EF6A-4448-4C9C-87D3-4E773EB4C1EA}
	EndGlobalSection
	GlobalSection(ExtensibilityGlobals) = postSolution
		SolutionGuid = {05132190-720E-4557-A425-D449BD2E4AB9}
	EndGlobalSection
EndGlobal
