
Microsoft Visual Studio Solution File, Format Version 12.00
# Visual Studio Version 16
VisualStudioVersion = 16.0.29409.12
MinimumVisualStudioVersion = 10.0.40219.1
Project("{FAE04EC0-301F-11D3-BF4B-00C04F79EFBC}") = "BUGAV", "BUGAV\BUGAV.csproj", "{E47E132A-CFED-49DD-9B27-9CF530CBDBFB}"
EndProject
Project("{8BC9CEB8-8B4A-11D0-8D11-00A0C91BC942}") = "passThrough", "passThrough\passThrough.vcxproj", "{D8B8DA25-0E6D-4631-8B25-DBF5B10B45AD}"
EndProject
Project("{8BC9CEB8-8B4A-11D0-8D11-00A0C91BC942}") = "change", "change\change.vcxproj", "{BC0EEC91-7911-4C29-8B97-BE6E8A3A6E46}"
EndProject
Project("{FAE04EC0-301F-11D3-BF4B-00C04F79EFBC}") = "DarkUI", "DarkUI\DarkUI\DarkUI.csproj", "{F19472F5-8C44-4C51-A8A0-B9DE5F555255}"
EndProject
Project("{2150E333-8FDC-42A3-9474-1A3956D46DE8}") = "GUI", "GUI", "{BED9E209-3831-4FFA-AA66-BC95D79EBB84}"
EndProject
Project("{2150E333-8FDC-42A3-9474-1A3956D46DE8}") = "FSFilter", "FSFilter", "{AA231C63-92AC-4E98-B927-195A28A1781D}"
EndProject
Project("{8BC9CEB8-8B4A-11D0-8D11-00A0C91BC942}") = "passThroughUser", "passThroughUser\passThroughUser.vcxproj", "{D36D66A7-D285-4F3F-9A00-91DB199F78AA}"
EndProject
Global
	GlobalSection(SolutionConfigurationPlatforms) = preSolution
		Debug|Any CPU = Debug|Any CPU
		Debug|x64 = Debug|x64
		Debug|x86 = Debug|x86
		Release|Any CPU = Release|Any CPU
		Release|x64 = Release|x64
		Release|x86 = Release|x86
	EndGlobalSection
	GlobalSection(ProjectConfigurationPlatforms) = postSolution
		{E47E132A-CFED-49DD-9B27-9CF530CBDBFB}.Debug|Any CPU.ActiveCfg = Release|Any CPU
		{E47E132A-CFED-49DD-9B27-9CF530CBDBFB}.Debug|Any CPU.Build.0 = Release|Any CPU
		{E47E132A-CFED-49DD-9B27-9CF530CBDBFB}.Debug|x64.ActiveCfg = Debug|Any CPU
		{E47E132A-CFED-49DD-9B27-9CF530CBDBFB}.Debug|x64.Build.0 = Debug|Any CPU
		{E47E132A-CFED-49DD-9B27-9CF530CBDBFB}.Debug|x86.ActiveCfg = Release|Any CPU
		{E47E132A-CFED-49DD-9B27-9CF530CBDBFB}.Debug|x86.Build.0 = Release|Any CPU
		{E47E132A-CFED-49DD-9B27-9CF530CBDBFB}.Release|Any CPU.ActiveCfg = Release|Any CPU
		{E47E132A-CFED-49DD-9B27-9CF530CBDBFB}.Release|Any CPU.Build.0 = Release|Any CPU
		{E47E132A-CFED-49DD-9B27-9CF530CBDBFB}.Release|x64.ActiveCfg = Release|Any CPU
		{E47E132A-CFED-49DD-9B27-9CF530CBDBFB}.Release|x64.Build.0 = Release|Any CPU
		{E47E132A-CFED-49DD-9B27-9CF530CBDBFB}.Release|x86.ActiveCfg = Release|Any CPU
		{E47E132A-CFED-49DD-9B27-9CF530CBDBFB}.Release|x86.Build.0 = Release|Any CPU
		{D8B8DA25-0E6D-4631-8B25-DBF5B10B45AD}.Debug|Any CPU.ActiveCfg = Debug|Win32
		{D8B8DA25-0E6D-4631-8B25-DBF5B10B45AD}.Debug|Any CPU.Build.0 = Debug|Win32
		{D8B8DA25-0E6D-4631-8B25-DBF5B10B45AD}.Debug|Any CPU.Deploy.0 = Debug|Win32
		{D8B8DA25-0E6D-4631-8B25-DBF5B10B45AD}.Debug|x64.ActiveCfg = Debug|x64
		{D8B8DA25-0E6D-4631-8B25-DBF5B10B45AD}.Debug|x64.Build.0 = Debug|x64
		{D8B8DA25-0E6D-4631-8B25-DBF5B10B45AD}.Debug|x86.ActiveCfg = Debug|Win32
		{D8B8DA25-0E6D-4631-8B25-DBF5B10B45AD}.Debug|x86.Build.0 = Debug|Win32
		{D8B8DA25-0E6D-4631-8B25-DBF5B10B45AD}.Debug|x86.Deploy.0 = Debug|Win32
		{D8B8DA25-0E6D-4631-8B25-DBF5B10B45AD}.Release|Any CPU.ActiveCfg = Debug|Win32
		{D8B8DA25-0E6D-4631-8B25-DBF5B10B45AD}.Release|Any CPU.Build.0 = Debug|Win32
		{D8B8DA25-0E6D-4631-8B25-DBF5B10B45AD}.Release|Any CPU.Deploy.0 = Debug|Win32
		{D8B8DA25-0E6D-4631-8B25-DBF5B10B45AD}.Release|x64.ActiveCfg = Debug|Win32
		{D8B8DA25-0E6D-4631-8B25-DBF5B10B45AD}.Release|x64.Build.0 = Debug|Win32
		{D8B8DA25-0E6D-4631-8B25-DBF5B10B45AD}.Release|x64.Deploy.0 = Debug|Win32
		{D8B8DA25-0E6D-4631-8B25-DBF5B10B45AD}.Release|x86.ActiveCfg = Debug|Win32
		{D8B8DA25-0E6D-4631-8B25-DBF5B10B45AD}.Release|x86.Build.0 = Debug|Win32
		{D8B8DA25-0E6D-4631-8B25-DBF5B10B45AD}.Release|x86.Deploy.0 = Debug|Win32
		{BC0EEC91-7911-4C29-8B97-BE6E8A3A6E46}.Debug|Any CPU.ActiveCfg = Debug|Win32
		{BC0EEC91-7911-4C29-8B97-BE6E8A3A6E46}.Debug|Any CPU.Build.0 = Debug|Win32
		{BC0EEC91-7911-4C29-8B97-BE6E8A3A6E46}.Debug|Any CPU.Deploy.0 = Debug|Win32
		{BC0EEC91-7911-4C29-8B97-BE6E8A3A6E46}.Debug|x64.ActiveCfg = Debug|x64
		{BC0EEC91-7911-4C29-8B97-BE6E8A3A6E46}.Debug|x64.Build.0 = Debug|x64
		{BC0EEC91-7911-4C29-8B97-BE6E8A3A6E46}.Debug|x86.ActiveCfg = Debug|Win32
		{BC0EEC91-7911-4C29-8B97-BE6E8A3A6E46}.Debug|x86.Build.0 = Debug|Win32
		{BC0EEC91-7911-4C29-8B97-BE6E8A3A6E46}.Debug|x86.Deploy.0 = Debug|Win32
		{BC0EEC91-7911-4C29-8B97-BE6E8A3A6E46}.Release|Any CPU.ActiveCfg = Debug|Win32
		{BC0EEC91-7911-4C29-8B97-BE6E8A3A6E46}.Release|Any CPU.Build.0 = Debug|Win32
		{BC0EEC91-7911-4C29-8B97-BE6E8A3A6E46}.Release|Any CPU.Deploy.0 = Debug|Win32
		{BC0EEC91-7911-4C29-8B97-BE6E8A3A6E46}.Release|x64.ActiveCfg = Debug|Win32
		{BC0EEC91-7911-4C29-8B97-BE6E8A3A6E46}.Release|x64.Build.0 = Debug|Win32
		{BC0EEC91-7911-4C29-8B97-BE6E8A3A6E46}.Release|x64.Deploy.0 = Debug|Win32
		{BC0EEC91-7911-4C29-8B97-BE6E8A3A6E46}.Release|x86.ActiveCfg = Debug|Win32
		{BC0EEC91-7911-4C29-8B97-BE6E8A3A6E46}.Release|x86.Build.0 = Debug|Win32
		{BC0EEC91-7911-4C29-8B97-BE6E8A3A6E46}.Release|x86.Deploy.0 = Debug|Win32
		{F19472F5-8C44-4C51-A8A0-B9DE5F555255}.Debug|Any CPU.ActiveCfg = Debug|Any CPU
		{F19472F5-8C44-4C51-A8A0-B9DE5F555255}.Debug|Any CPU.Build.0 = Debug|Any CPU
		{F19472F5-8C44-4C51-A8A0-B9DE5F555255}.Debug|x64.ActiveCfg = Debug|Any CPU
		{F19472F5-8C44-4C51-A8A0-B9DE5F555255}.Debug|x64.Build.0 = Debug|Any CPU
		{F19472F5-8C44-4C51-A8A0-B9DE5F555255}.Debug|x86.ActiveCfg = Debug|Any CPU
		{F19472F5-8C44-4C51-A8A0-B9DE5F555255}.Debug|x86.Build.0 = Debug|Any CPU
		{F19472F5-8C44-4C51-A8A0-B9DE5F555255}.Release|Any CPU.ActiveCfg = Debug|Any CPU
		{F19472F5-8C44-4C51-A8A0-B9DE5F555255}.Release|Any CPU.Build.0 = Debug|Any CPU
		{F19472F5-8C44-4C51-A8A0-B9DE5F555255}.Release|x64.ActiveCfg = Debug|Any CPU
		{F19472F5-8C44-4C51-A8A0-B9DE5F555255}.Release|x64.Build.0 = Debug|Any CPU
		{F19472F5-8C44-4C51-A8A0-B9DE5F555255}.Release|x86.ActiveCfg = Debug|Any CPU
		{F19472F5-8C44-4C51-A8A0-B9DE5F555255}.Release|x86.Build.0 = Debug|Any CPU
		{D36D66A7-D285-4F3F-9A00-91DB199F78AA}.Debug|Any CPU.ActiveCfg = Debug|Win32
		{D36D66A7-D285-4F3F-9A00-91DB199F78AA}.Debug|x64.ActiveCfg = Release|x64
		{D36D66A7-D285-4F3F-9A00-91DB199F78AA}.Debug|x64.Build.0 = Release|x64
		{D36D66A7-D285-4F3F-9A00-91DB199F78AA}.Debug|x86.ActiveCfg = Debug|Win32
		{D36D66A7-D285-4F3F-9A00-91DB199F78AA}.Debug|x86.Build.0 = Debug|Win32
		{D36D66A7-D285-4F3F-9A00-91DB199F78AA}.Release|Any CPU.ActiveCfg = Release|Win32
		{D36D66A7-D285-4F3F-9A00-91DB199F78AA}.Release|x64.ActiveCfg = Release|x64
		{D36D66A7-D285-4F3F-9A00-91DB199F78AA}.Release|x64.Build.0 = Release|x64
		{D36D66A7-D285-4F3F-9A00-91DB199F78AA}.Release|x86.ActiveCfg = Release|Win32
		{D36D66A7-D285-4F3F-9A00-91DB199F78AA}.Release|x86.Build.0 = Release|Win32
	EndGlobalSection
	GlobalSection(SolutionProperties) = preSolution
		HideSolutionNode = FALSE
	EndGlobalSection
	GlobalSection(NestedProjects) = preSolution
		{D8B8DA25-0E6D-4631-8B25-DBF5B10B45AD} = {AA231C63-92AC-4E98-B927-195A28A1781D}
		{BC0EEC91-7911-4C29-8B97-BE6E8A3A6E46} = {AA231C63-92AC-4E98-B927-195A28A1781D}
		{F19472F5-8C44-4C51-A8A0-B9DE5F555255} = {BED9E209-3831-4FFA-AA66-BC95D79EBB84}
		{D36D66A7-D285-4F3F-9A00-91DB199F78AA} = {AA231C63-92AC-4E98-B927-195A28A1781D}
	EndGlobalSection
	GlobalSection(ExtensibilityGlobals) = postSolution
		SolutionGuid = {05132190-720E-4557-A425-D449BD2E4AB9}
	EndGlobalSection
EndGlobal
